
Microsoft Visual Studio Solution File, Format Version 12.00
# Visual Studio Version 17
VisualStudioVersion = 17.0.31903.59
MinimumVisualStudioVersion = 10.0.40219.1
Project("{FAE04EC0-301F-11D3-BF4B-00C04F79EFBC}") = "Dima.core", "Dima.core\Dima.core.csproj", "{04C3B570-9115-40D6-99EA-AAE8D2CBE0FA}"
EndProject
Project("{FAE04EC0-301F-11D3-BF4B-00C04F79EFBC}") = "Dima.Api", "Dima.Api\Dima.Api.csproj", "{3E514321-245D-4ECC-85A1-8EE2CEB1112D}"
EndProject
Global
	GlobalSection(SolutionConfigurationPlatforms) = preSolution
		Debug|Any CPU = Debug|Any CPU
		Release|Any CPU = Release|Any CPU
	EndGlobalSection
	GlobalSection(SolutionProperties) = preSolution
		HideSolutionNode = FALSE
	EndGlobalSection
	GlobalSection(ProjectConfigurationPlatforms) = postSolution
		{04C3B570-9115-40D6-99EA-AAE8D2CBE0FA}.Debug|Any CPU.ActiveCfg = Debug|Any CPU
		{04C3B570-9115-40D6-99EA-AAE8D2CBE0FA}.Debug|Any CPU.Build.0 = Debug|Any CPU
		{04C3B570-9115-40D6-99EA-AAE8D2CBE0FA}.Release|Any CPU.ActiveCfg = Release|Any CPU
		{04C3B570-9115-40D6-99EA-AAE8D2CBE0FA}.Release|Any CPU.Build.0 = Release|Any CPU
		{3E514321-245D-4ECC-85A1-8EE2CEB1112D}.Debug|Any CPU.ActiveCfg = Debug|Any CPU
		{3E514321-245D-4ECC-85A1-8EE2CEB1112D}.Debug|Any CPU.Build.0 = Debug|Any CPU
		{3E514321-245D-4ECC-85A1-8EE2CEB1112D}.Release|Any CPU.ActiveCfg = Release|Any CPU
		{3E514321-245D-4ECC-85A1-8EE2CEB1112D}.Release|Any CPU.Build.0 = Release|Any CPU
	EndGlobalSection
EndGlobal
